// !$*UTF8*$!
{
	archiveVersion = 1;
	classes = {
	};
	objectVersion = 56;
	objects = {

/* Begin PBXBuildFile section */
		A752C52A2BD8B04E00609560 /* LocalDevicesApp.swift in Sources */ = {isa = PBXBuildFile; fileRef = A752C5292BD8B04E00609560 /* LocalDevicesApp.swift */; };
		A752C52C2BD8B04E00609560 /* ContentView.swift in Sources */ = {isa = PBXBuildFile; fileRef = A752C52B2BD8B04E00609560 /* ContentView.swift */; };
		A752C52E2BD8B05A00609560 /* Assets.xcassets in Resources */ = {isa = PBXBuildFile; fileRef = A752C52D2BD8B05A00609560 /* Assets.xcassets */; };
		A752C5312BD8B05A00609560 /* Preview Assets.xcassets in Resources */ = {isa = PBXBuildFile; fileRef = A752C5302BD8B05A00609560 /* Preview Assets.xcassets */; };
		A752C53B2BD8B05A00609560 /* LocalDevicesTests.swift in Sources */ = {isa = PBXBuildFile; fileRef = A752C53A2BD8B05A00609560 /* LocalDevicesTests.swift */; };
		A752C5452BD8B05A00609560 /* LocalDevicesUITests.swift in Sources */ = {isa = PBXBuildFile; fileRef = A752C5442BD8B05A00609560 /* LocalDevicesUITests.swift */; };
		A752C5472BD8B05A00609560 /* LocalDevicesUITestsLaunchTests.swift in Sources */ = {isa = PBXBuildFile; fileRef = A752C5462BD8B05A00609560 /* LocalDevicesUITestsLaunchTests.swift */; };
		A752C5592BD8B9EA00609560 /* NetworkConnectable.swift in Sources */ = {isa = PBXBuildFile; fileRef = A752C5582BD8B9EA00609560 /* NetworkConnectable.swift */; };
		A752C55B2BD8BA0800609560 /* NetworkConnectionBuilder.swift in Sources */ = {isa = PBXBuildFile; fileRef = A752C55A2BD8BA0800609560 /* NetworkConnectionBuilder.swift */; };
		A752C55E2BD8BB5000609560 /* NetworkConnectionProvider.swift in Sources */ = {isa = PBXBuildFile; fileRef = A752C55D2BD8BB5000609560 /* NetworkConnectionProvider.swift */; };
		A752C5662BD8BDB000609560 /* NetworkConnectionError.swift in Sources */ = {isa = PBXBuildFile; fileRef = A752C5652BD8BDB000609560 /* NetworkConnectionError.swift */; };
		A752C56F2BD8E73800609560 /* ConnectionListView.swift in Sources */ = {isa = PBXBuildFile; fileRef = A752C56E2BD8E73800609560 /* ConnectionListView.swift */; };
		A752C5732BD9B86400609560 /* XMLCoder in Frameworks */ = {isa = PBXBuildFile; productRef = A752C5722BD9B86400609560 /* XMLCoder */; };
		A752C5752BD9BC0100609560 /* NetworkDeviceViewModel.swift in Sources */ = {isa = PBXBuildFile; fileRef = A752C5742BD9BC0100609560 /* NetworkDeviceViewModel.swift */; };
		A752C57A2BD9BD5B00609560 /* NetworkDevice.swift in Sources */ = {isa = PBXBuildFile; fileRef = A752C5792BD9BD5B00609560 /* NetworkDevice.swift */; };
		A752C57D2BD9F3C300609560 /* CryptoSwift in Frameworks */ = {isa = PBXBuildFile; productRef = A752C57C2BD9F3C300609560 /* CryptoSwift */; };
		A752C5802BD9F42400609560 /* APGRequestBuilder.swift in Sources */ = {isa = PBXBuildFile; fileRef = A752C57F2BD9F42400609560 /* APGRequestBuilder.swift */; };
		A752C5832BD9F45C00609560 /* DataExtension.swift in Sources */ = {isa = PBXBuildFile; fileRef = A752C5822BD9F45C00609560 /* DataExtension.swift */; };
		A7A0DBB22BEDDDB000EEE080 /* NetworkConnectionManager.swift in Sources */ = {isa = PBXBuildFile; fileRef = A7A0DBB12BEDDDB000EEE080 /* NetworkConnectionManager.swift */; };
		A7A0DBB42BEDDDDD00EEE080 /* ConnectionViewModel.swift in Sources */ = {isa = PBXBuildFile; fileRef = A7A0DBB32BEDDDDD00EEE080 /* ConnectionViewModel.swift */; };
		A7A0DBB92BEEB4BF00EEE080 /* UserDefaultsManager.swift in Sources */ = {isa = PBXBuildFile; fileRef = A7A0DBB82BEEB4BF00EEE080 /* UserDefaultsManager.swift */; };
		A7A0DBBC2BEEB72E00EEE080 /* Connection.swift in Sources */ = {isa = PBXBuildFile; fileRef = A7A0DBBB2BEEB72E00EEE080 /* Connection.swift */; };
		A7A0DBBE2BEEBE6300EEE080 /* ConnectionListViewModel.swift in Sources */ = {isa = PBXBuildFile; fileRef = A7A0DBBD2BEEBE6300EEE080 /* ConnectionListViewModel.swift */; };
		A7A0DBC02BEEC09800EEE080 /* ConnectionListFormView.swift in Sources */ = {isa = PBXBuildFile; fileRef = A7A0DBBF2BEEC09800EEE080 /* ConnectionListFormView.swift */; };
		A7A0DBC22BEEC25800EEE080 /* ConnectionCellView.swift in Sources */ = {isa = PBXBuildFile; fileRef = A7A0DBC12BEEC25800EEE080 /* ConnectionCellView.swift */; };
/* End PBXBuildFile section */

/* Begin PBXContainerItemProxy section */
		A752C5372BD8B05A00609560 /* PBXContainerItemProxy */ = {
			isa = PBXContainerItemProxy;
			containerPortal = A752C51E2BD8B04E00609560 /* Project object */;
			proxyType = 1;
			remoteGlobalIDString = A752C5252BD8B04E00609560;
			remoteInfo = LocalDevices;
		};
		A752C5412BD8B05A00609560 /* PBXContainerItemProxy */ = {
			isa = PBXContainerItemProxy;
			containerPortal = A752C51E2BD8B04E00609560 /* Project object */;
			proxyType = 1;
			remoteGlobalIDString = A752C5252BD8B04E00609560;
			remoteInfo = LocalDevices;
		};
/* End PBXContainerItemProxy section */

/* Begin PBXFileReference section */
		A752C5262BD8B04E00609560 /* LocalDevices.app */ = {isa = PBXFileReference; explicitFileType = wrapper.application; includeInIndex = 0; path = LocalDevices.app; sourceTree = BUILT_PRODUCTS_DIR; };
		A752C5292BD8B04E00609560 /* LocalDevicesApp.swift */ = {isa = PBXFileReference; lastKnownFileType = sourcecode.swift; path = LocalDevicesApp.swift; sourceTree = "<group>"; };
		A752C52B2BD8B04E00609560 /* ContentView.swift */ = {isa = PBXFileReference; lastKnownFileType = sourcecode.swift; path = ContentView.swift; sourceTree = "<group>"; };
		A752C52D2BD8B05A00609560 /* Assets.xcassets */ = {isa = PBXFileReference; lastKnownFileType = folder.assetcatalog; path = Assets.xcassets; sourceTree = "<group>"; };
		A752C5302BD8B05A00609560 /* Preview Assets.xcassets */ = {isa = PBXFileReference; lastKnownFileType = folder.assetcatalog; path = "Preview Assets.xcassets"; sourceTree = "<group>"; };
		A752C5362BD8B05A00609560 /* LocalDevicesTests.xctest */ = {isa = PBXFileReference; explicitFileType = wrapper.cfbundle; includeInIndex = 0; path = LocalDevicesTests.xctest; sourceTree = BUILT_PRODUCTS_DIR; };
		A752C53A2BD8B05A00609560 /* LocalDevicesTests.swift */ = {isa = PBXFileReference; lastKnownFileType = sourcecode.swift; path = LocalDevicesTests.swift; sourceTree = "<group>"; };
		A752C5402BD8B05A00609560 /* LocalDevicesUITests.xctest */ = {isa = PBXFileReference; explicitFileType = wrapper.cfbundle; includeInIndex = 0; path = LocalDevicesUITests.xctest; sourceTree = BUILT_PRODUCTS_DIR; };
		A752C5442BD8B05A00609560 /* LocalDevicesUITests.swift */ = {isa = PBXFileReference; lastKnownFileType = sourcecode.swift; path = LocalDevicesUITests.swift; sourceTree = "<group>"; };
		A752C5462BD8B05A00609560 /* LocalDevicesUITestsLaunchTests.swift */ = {isa = PBXFileReference; lastKnownFileType = sourcecode.swift; path = LocalDevicesUITestsLaunchTests.swift; sourceTree = "<group>"; };
		A752C5582BD8B9EA00609560 /* NetworkConnectable.swift */ = {isa = PBXFileReference; lastKnownFileType = sourcecode.swift; path = NetworkConnectable.swift; sourceTree = "<group>"; };
		A752C55A2BD8BA0800609560 /* NetworkConnectionBuilder.swift */ = {isa = PBXFileReference; lastKnownFileType = sourcecode.swift; path = NetworkConnectionBuilder.swift; sourceTree = "<group>"; };
		A752C55D2BD8BB5000609560 /* NetworkConnectionProvider.swift */ = {isa = PBXFileReference; lastKnownFileType = sourcecode.swift; path = NetworkConnectionProvider.swift; sourceTree = "<group>"; };
		A752C5652BD8BDB000609560 /* NetworkConnectionError.swift */ = {isa = PBXFileReference; lastKnownFileType = sourcecode.swift; path = NetworkConnectionError.swift; sourceTree = "<group>"; };
		A752C56E2BD8E73800609560 /* ConnectionListView.swift */ = {isa = PBXFileReference; lastKnownFileType = sourcecode.swift; path = ConnectionListView.swift; sourceTree = "<group>"; };
		A752C5742BD9BC0100609560 /* NetworkDeviceViewModel.swift */ = {isa = PBXFileReference; lastKnownFileType = sourcecode.swift; path = NetworkDeviceViewModel.swift; sourceTree = "<group>"; };
		A752C5792BD9BD5B00609560 /* NetworkDevice.swift */ = {isa = PBXFileReference; lastKnownFileType = sourcecode.swift; path = NetworkDevice.swift; sourceTree = "<group>"; };
		A752C57F2BD9F42400609560 /* APGRequestBuilder.swift */ = {isa = PBXFileReference; lastKnownFileType = sourcecode.swift; path = APGRequestBuilder.swift; sourceTree = "<group>"; };
		A752C5822BD9F45C00609560 /* DataExtension.swift */ = {isa = PBXFileReference; lastKnownFileType = sourcecode.swift; path = DataExtension.swift; sourceTree = "<group>"; };
		A7A0DBB12BEDDDB000EEE080 /* NetworkConnectionManager.swift */ = {isa = PBXFileReference; lastKnownFileType = sourcecode.swift; path = NetworkConnectionManager.swift; sourceTree = "<group>"; };
		A7A0DBB32BEDDDDD00EEE080 /* ConnectionViewModel.swift */ = {isa = PBXFileReference; lastKnownFileType = sourcecode.swift; path = ConnectionViewModel.swift; sourceTree = "<group>"; };
		A7A0DBB82BEEB4BF00EEE080 /* UserDefaultsManager.swift */ = {isa = PBXFileReference; lastKnownFileType = sourcecode.swift; path = UserDefaultsManager.swift; sourceTree = "<group>"; };
		A7A0DBBB2BEEB72E00EEE080 /* Connection.swift */ = {isa = PBXFileReference; lastKnownFileType = sourcecode.swift; path = Connection.swift; sourceTree = "<group>"; };
		A7A0DBBD2BEEBE6300EEE080 /* ConnectionListViewModel.swift */ = {isa = PBXFileReference; lastKnownFileType = sourcecode.swift; path = ConnectionListViewModel.swift; sourceTree = "<group>"; };
		A7A0DBBF2BEEC09800EEE080 /* ConnectionListFormView.swift */ = {isa = PBXFileReference; lastKnownFileType = sourcecode.swift; path = ConnectionListFormView.swift; sourceTree = "<group>"; };
		A7A0DBC12BEEC25800EEE080 /* ConnectionCellView.swift */ = {isa = PBXFileReference; lastKnownFileType = sourcecode.swift; path = ConnectionCellView.swift; sourceTree = "<group>"; };
/* End PBXFileReference section */

/* Begin PBXFrameworksBuildPhase section */
		A752C5232BD8B04E00609560 /* Frameworks */ = {
			isa = PBXFrameworksBuildPhase;
			buildActionMask = 2147483647;
			files = (
				A752C5732BD9B86400609560 /* XMLCoder in Frameworks */,
				A752C57D2BD9F3C300609560 /* CryptoSwift in Frameworks */,
			);
			runOnlyForDeploymentPostprocessing = 0;
		};
		A752C5332BD8B05A00609560 /* Frameworks */ = {
			isa = PBXFrameworksBuildPhase;
			buildActionMask = 2147483647;
			files = (
			);
			runOnlyForDeploymentPostprocessing = 0;
		};
		A752C53D2BD8B05A00609560 /* Frameworks */ = {
			isa = PBXFrameworksBuildPhase;
			buildActionMask = 2147483647;
			files = (
			);
			runOnlyForDeploymentPostprocessing = 0;
		};
/* End PBXFrameworksBuildPhase section */

/* Begin PBXGroup section */
		A752C51D2BD8B04E00609560 = {
			isa = PBXGroup;
			children = (
				A752C5282BD8B04E00609560 /* LocalDevices */,
				A752C5392BD8B05A00609560 /* LocalDevicesTests */,
				A752C5432BD8B05A00609560 /* LocalDevicesUITests */,
				A752C5272BD8B04E00609560 /* Products */,
			);
			sourceTree = "<group>";
		};
		A752C5272BD8B04E00609560 /* Products */ = {
			isa = PBXGroup;
			children = (
				A752C5262BD8B04E00609560 /* LocalDevices.app */,
				A752C5362BD8B05A00609560 /* LocalDevicesTests.xctest */,
				A752C5402BD8B05A00609560 /* LocalDevicesUITests.xctest */,
			);
			name = Products;
			sourceTree = "<group>";
		};
		A752C5282BD8B04E00609560 /* LocalDevices */ = {
			isa = PBXGroup;
			children = (
				A752C5692BD8E6CF00609560 /* ConnectionList */,
				A7A0DBB62BEEB49600EEE080 /* Shared */,
				A752C5812BD9F45300609560 /* Extensions */,
				A752C57E2BD9F40900609560 /* APG */,
				A752C5532BD8B06500609560 /* Networking */,
				A752C55F2BD8BB6400609560 /* App */,
				A752C52F2BD8B05A00609560 /* Preview Content */,
				A752C52D2BD8B05A00609560 /* Assets.xcassets */,
			);
			path = LocalDevices;
			sourceTree = "<group>";
		};
		A752C52F2BD8B05A00609560 /* Preview Content */ = {
			isa = PBXGroup;
			children = (
				A752C5302BD8B05A00609560 /* Preview Assets.xcassets */,
			);
			path = "Preview Content";
			sourceTree = "<group>";
		};
		A752C5392BD8B05A00609560 /* LocalDevicesTests */ = {
			isa = PBXGroup;
			children = (
				A752C53A2BD8B05A00609560 /* LocalDevicesTests.swift */,
			);
			path = LocalDevicesTests;
			sourceTree = "<group>";
		};
		A752C5432BD8B05A00609560 /* LocalDevicesUITests */ = {
			isa = PBXGroup;
			children = (
				A752C5442BD8B05A00609560 /* LocalDevicesUITests.swift */,
				A752C5462BD8B05A00609560 /* LocalDevicesUITestsLaunchTests.swift */,
			);
			path = LocalDevicesUITests;
			sourceTree = "<group>";
		};
		A752C5532BD8B06500609560 /* Networking */ = {
			isa = PBXGroup;
			children = (
				A7A0DBB52BEEB2DF00EEE080 /* Managers */,
				A752C5642BD8BD9200609560 /* Enums */,
				A752C5572BD8B9E100609560 /* Protocols */,
				A752C55C2BD8BACE00609560 /* Utilities */,
			);
			path = Networking;
			sourceTree = "<group>";
		};
		A752C5572BD8B9E100609560 /* Protocols */ = {
			isa = PBXGroup;
			children = (
				A752C55A2BD8BA0800609560 /* NetworkConnectionBuilder.swift */,
				A752C5582BD8B9EA00609560 /* NetworkConnectable.swift */,
			);
			path = Protocols;
			sourceTree = "<group>";
		};
		A752C55C2BD8BACE00609560 /* Utilities */ = {
			isa = PBXGroup;
			children = (
				A752C5602BD8BC4F00609560 /* Providers */,
			);
			path = Utilities;
			sourceTree = "<group>";
		};
		A752C55F2BD8BB6400609560 /* App */ = {
			isa = PBXGroup;
			children = (
				A752C5292BD8B04E00609560 /* LocalDevicesApp.swift */,
				A752C52B2BD8B04E00609560 /* ContentView.swift */,
			);
			path = App;
			sourceTree = "<group>";
		};
		A752C5602BD8BC4F00609560 /* Providers */ = {
			isa = PBXGroup;
			children = (
				A752C55D2BD8BB5000609560 /* NetworkConnectionProvider.swift */,
			);
			path = Providers;
			sourceTree = "<group>";
		};
		A752C5642BD8BD9200609560 /* Enums */ = {
			isa = PBXGroup;
			children = (
				A752C5652BD8BDB000609560 /* NetworkConnectionError.swift */,
			);
			path = Enums;
			sourceTree = "<group>";
		};
		A752C5692BD8E6CF00609560 /* ConnectionList */ = {
			isa = PBXGroup;
			children = (
				A7A0DBBA2BEEB72000EEE080 /* Models */,
				A752C56B2BD8E6DC00609560 /* View Models */,
				A752C56A2BD8E6D700609560 /* Views */,
			);
			path = ConnectionList;
			sourceTree = "<group>";
		};
		A752C56A2BD8E6D700609560 /* Views */ = {
			isa = PBXGroup;
			children = (
				A752C56E2BD8E73800609560 /* ConnectionListView.swift */,
				A7A0DBBF2BEEC09800EEE080 /* ConnectionListFormView.swift */,
				A7A0DBC12BEEC25800EEE080 /* ConnectionCellView.swift */,
			);
			path = Views;
			sourceTree = "<group>";
		};
		A752C56B2BD8E6DC00609560 /* View Models */ = {
			isa = PBXGroup;
			children = (
				A7A0DBB32BEDDDDD00EEE080 /* ConnectionViewModel.swift */,
				A752C5742BD9BC0100609560 /* NetworkDeviceViewModel.swift */,
				A7A0DBBD2BEEBE6300EEE080 /* ConnectionListViewModel.swift */,
			);
			path = "View Models";
			sourceTree = "<group>";
		};
		A752C57E2BD9F40900609560 /* APG */ = {
			isa = PBXGroup;
			children = (
				A752C57F2BD9F42400609560 /* APGRequestBuilder.swift */,
			);
			path = APG;
			sourceTree = "<group>";
		};
		A752C5812BD9F45300609560 /* Extensions */ = {
			isa = PBXGroup;
			children = (
				A752C5822BD9F45C00609560 /* DataExtension.swift */,
			);
			path = Extensions;
			sourceTree = "<group>";
		};
		A7A0DBB52BEEB2DF00EEE080 /* Managers */ = {
			isa = PBXGroup;
			children = (
				A7A0DBB12BEDDDB000EEE080 /* NetworkConnectionManager.swift */,
			);
			path = Managers;
			sourceTree = "<group>";
		};
		A7A0DBB62BEEB49600EEE080 /* Shared */ = {
			isa = PBXGroup;
			children = (
				A7A0DBB72BEEB4B300EEE080 /* Utilities */,
			);
			path = Shared;
			sourceTree = "<group>";
		};
		A7A0DBB72BEEB4B300EEE080 /* Utilities */ = {
			isa = PBXGroup;
			children = (
				A7A0DBB82BEEB4BF00EEE080 /* UserDefaultsManager.swift */,
			);
			path = Utilities;
			sourceTree = "<group>";
		};
		A7A0DBBA2BEEB72000EEE080 /* Models */ = {
			isa = PBXGroup;
			children = (
				A7A0DBBB2BEEB72E00EEE080 /* Connection.swift */,
				A752C5792BD9BD5B00609560 /* NetworkDevice.swift */,
			);
			path = Models;
			sourceTree = "<group>";
		};
/* End PBXGroup section */

/* Begin PBXNativeTarget section */
		A752C5252BD8B04E00609560 /* LocalDevices */ = {
			isa = PBXNativeTarget;
			buildConfigurationList = A752C54A2BD8B05A00609560 /* Build configuration list for PBXNativeTarget "LocalDevices" */;
			buildPhases = (
				A752C5222BD8B04E00609560 /* Sources */,
				A752C5232BD8B04E00609560 /* Frameworks */,
				A752C5242BD8B04E00609560 /* Resources */,
			);
			buildRules = (
			);
			dependencies = (
			);
			name = LocalDevices;
			packageProductDependencies = (
				A752C5722BD9B86400609560 /* XMLCoder */,
				A752C57C2BD9F3C300609560 /* CryptoSwift */,
			);
			productName = LocalDevices;
			productReference = A752C5262BD8B04E00609560 /* LocalDevices.app */;
			productType = "com.apple.product-type.application";
		};
		A752C5352BD8B05A00609560 /* LocalDevicesTests */ = {
			isa = PBXNativeTarget;
			buildConfigurationList = A752C54D2BD8B05A00609560 /* Build configuration list for PBXNativeTarget "LocalDevicesTests" */;
			buildPhases = (
				A752C5322BD8B05A00609560 /* Sources */,
				A752C5332BD8B05A00609560 /* Frameworks */,
				A752C5342BD8B05A00609560 /* Resources */,
			);
			buildRules = (
			);
			dependencies = (
				A752C5382BD8B05A00609560 /* PBXTargetDependency */,
			);
			name = LocalDevicesTests;
			productName = LocalDevicesTests;
			productReference = A752C5362BD8B05A00609560 /* LocalDevicesTests.xctest */;
			productType = "com.apple.product-type.bundle.unit-test";
		};
		A752C53F2BD8B05A00609560 /* LocalDevicesUITests */ = {
			isa = PBXNativeTarget;
			buildConfigurationList = A752C5502BD8B05A00609560 /* Build configuration list for PBXNativeTarget "LocalDevicesUITests" */;
			buildPhases = (
				A752C53C2BD8B05A00609560 /* Sources */,
				A752C53D2BD8B05A00609560 /* Frameworks */,
				A752C53E2BD8B05A00609560 /* Resources */,
			);
			buildRules = (
			);
			dependencies = (
				A752C5422BD8B05A00609560 /* PBXTargetDependency */,
			);
			name = LocalDevicesUITests;
			productName = LocalDevicesUITests;
			productReference = A752C5402BD8B05A00609560 /* LocalDevicesUITests.xctest */;
			productType = "com.apple.product-type.bundle.ui-testing";
		};
/* End PBXNativeTarget section */

/* Begin PBXProject section */
		A752C51E2BD8B04E00609560 /* Project object */ = {
			isa = PBXProject;
			attributes = {
				BuildIndependentTargetsInParallel = 1;
				LastSwiftUpdateCheck = 1530;
				LastUpgradeCheck = 1530;
				TargetAttributes = {
					A752C5252BD8B04E00609560 = {
						CreatedOnToolsVersion = 15.3;
					};
					A752C5352BD8B05A00609560 = {
						CreatedOnToolsVersion = 15.3;
						TestTargetID = A752C5252BD8B04E00609560;
					};
					A752C53F2BD8B05A00609560 = {
						CreatedOnToolsVersion = 15.3;
						TestTargetID = A752C5252BD8B04E00609560;
					};
				};
			};
			buildConfigurationList = A752C5212BD8B04E00609560 /* Build configuration list for PBXProject "LocalDevices" */;
			compatibilityVersion = "Xcode 14.0";
			developmentRegion = en;
			hasScannedForEncodings = 0;
			knownRegions = (
				en,
				Base,
			);
			mainGroup = A752C51D2BD8B04E00609560;
			packageReferences = (
				A752C5712BD9B86400609560 /* XCRemoteSwiftPackageReference "XMLCoder" */,
				A752C57B2BD9F3C300609560 /* XCRemoteSwiftPackageReference "CryptoSwift" */,
			);
			productRefGroup = A752C5272BD8B04E00609560 /* Products */;
			projectDirPath = "";
			projectRoot = "";
			targets = (
				A752C5252BD8B04E00609560 /* LocalDevices */,
				A752C5352BD8B05A00609560 /* LocalDevicesTests */,
				A752C53F2BD8B05A00609560 /* LocalDevicesUITests */,
			);
		};
/* End PBXProject section */

/* Begin PBXResourcesBuildPhase section */
		A752C5242BD8B04E00609560 /* Resources */ = {
			isa = PBXResourcesBuildPhase;
			buildActionMask = 2147483647;
			files = (
				A752C5312BD8B05A00609560 /* Preview Assets.xcassets in Resources */,
				A752C52E2BD8B05A00609560 /* Assets.xcassets in Resources */,
			);
			runOnlyForDeploymentPostprocessing = 0;
		};
		A752C5342BD8B05A00609560 /* Resources */ = {
			isa = PBXResourcesBuildPhase;
			buildActionMask = 2147483647;
			files = (
			);
			runOnlyForDeploymentPostprocessing = 0;
		};
		A752C53E2BD8B05A00609560 /* Resources */ = {
			isa = PBXResourcesBuildPhase;
			buildActionMask = 2147483647;
			files = (
			);
			runOnlyForDeploymentPostprocessing = 0;
		};
/* End PBXResourcesBuildPhase section */

/* Begin PBXSourcesBuildPhase section */
		A752C5222BD8B04E00609560 /* Sources */ = {
			isa = PBXSourcesBuildPhase;
			buildActionMask = 2147483647;
			files = (
				A7A0DBBE2BEEBE6300EEE080 /* ConnectionListViewModel.swift in Sources */,
				A7A0DBB42BEDDDDD00EEE080 /* ConnectionViewModel.swift in Sources */,
				A752C57A2BD9BD5B00609560 /* NetworkDevice.swift in Sources */,
				A752C56F2BD8E73800609560 /* ConnectionListView.swift in Sources */,
				A752C5752BD9BC0100609560 /* NetworkDeviceViewModel.swift in Sources */,
				A752C5592BD8B9EA00609560 /* NetworkConnectable.swift in Sources */,
				A7A0DBB92BEEB4BF00EEE080 /* UserDefaultsManager.swift in Sources */,
				A752C55E2BD8BB5000609560 /* NetworkConnectionProvider.swift in Sources */,
				A752C52C2BD8B04E00609560 /* ContentView.swift in Sources */,
				A7A0DBB22BEDDDB000EEE080 /* NetworkConnectionManager.swift in Sources */,
				A7A0DBBC2BEEB72E00EEE080 /* Connection.swift in Sources */,
				A752C52A2BD8B04E00609560 /* LocalDevicesApp.swift in Sources */,
				A7A0DBC22BEEC25800EEE080 /* ConnectionCellView.swift in Sources */,
				A752C5802BD9F42400609560 /* APGRequestBuilder.swift in Sources */,
				A752C5662BD8BDB000609560 /* NetworkConnectionError.swift in Sources */,
				A752C5832BD9F45C00609560 /* DataExtension.swift in Sources */,
				A7A0DBC02BEEC09800EEE080 /* ConnectionListFormView.swift in Sources */,
				A752C55B2BD8BA0800609560 /* NetworkConnectionBuilder.swift in Sources */,
			);
			runOnlyForDeploymentPostprocessing = 0;
		};
		A752C5322BD8B05A00609560 /* Sources */ = {
			isa = PBXSourcesBuildPhase;
			buildActionMask = 2147483647;
			files = (
				A752C53B2BD8B05A00609560 /* LocalDevicesTests.swift in Sources */,
			);
			runOnlyForDeploymentPostprocessing = 0;
		};
		A752C53C2BD8B05A00609560 /* Sources */ = {
			isa = PBXSourcesBuildPhase;
			buildActionMask = 2147483647;
			files = (
				A752C5472BD8B05A00609560 /* LocalDevicesUITestsLaunchTests.swift in Sources */,
				A752C5452BD8B05A00609560 /* LocalDevicesUITests.swift in Sources */,
			);
			runOnlyForDeploymentPostprocessing = 0;
		};
/* End PBXSourcesBuildPhase section */

/* Begin PBXTargetDependency section */
		A752C5382BD8B05A00609560 /* PBXTargetDependency */ = {
			isa = PBXTargetDependency;
			target = A752C5252BD8B04E00609560 /* LocalDevices */;
			targetProxy = A752C5372BD8B05A00609560 /* PBXContainerItemProxy */;
		};
		A752C5422BD8B05A00609560 /* PBXTargetDependency */ = {
			isa = PBXTargetDependency;
			target = A752C5252BD8B04E00609560 /* LocalDevices */;
			targetProxy = A752C5412BD8B05A00609560 /* PBXContainerItemProxy */;
		};
/* End PBXTargetDependency section */

/* Begin XCBuildConfiguration section */
		A752C5482BD8B05A00609560 /* Debug */ = {
			isa = XCBuildConfiguration;
			buildSettings = {
				ALWAYS_SEARCH_USER_PATHS = NO;
				ASSETCATALOG_COMPILER_GENERATE_SWIFT_ASSET_SYMBOL_EXTENSIONS = YES;
				CLANG_ANALYZER_NONNULL = YES;
				CLANG_ANALYZER_NUMBER_OBJECT_CONVERSION = YES_AGGRESSIVE;
				CLANG_CXX_LANGUAGE_STANDARD = "gnu++20";
				CLANG_ENABLE_MODULES = YES;
				CLANG_ENABLE_OBJC_ARC = YES;
				CLANG_ENABLE_OBJC_WEAK = YES;
				CLANG_WARN_BLOCK_CAPTURE_AUTORELEASING = YES;
				CLANG_WARN_BOOL_CONVERSION = YES;
				CLANG_WARN_COMMA = YES;
				CLANG_WARN_CONSTANT_CONVERSION = YES;
				CLANG_WARN_DEPRECATED_OBJC_IMPLEMENTATIONS = YES;
				CLANG_WARN_DIRECT_OBJC_ISA_USAGE = YES_ERROR;
				CLANG_WARN_DOCUMENTATION_COMMENTS = YES;
				CLANG_WARN_EMPTY_BODY = YES;
				CLANG_WARN_ENUM_CONVERSION = YES;
				CLANG_WARN_INFINITE_RECURSION = YES;
				CLANG_WARN_INT_CONVERSION = YES;
				CLANG_WARN_NON_LITERAL_NULL_CONVERSION = YES;
				CLANG_WARN_OBJC_IMPLICIT_RETAIN_SELF = YES;
				CLANG_WARN_OBJC_LITERAL_CONVERSION = YES;
				CLANG_WARN_OBJC_ROOT_CLASS = YES_ERROR;
				CLANG_WARN_QUOTED_INCLUDE_IN_FRAMEWORK_HEADER = YES;
				CLANG_WARN_RANGE_LOOP_ANALYSIS = YES;
				CLANG_WARN_STRICT_PROTOTYPES = YES;
				CLANG_WARN_SUSPICIOUS_MOVE = YES;
				CLANG_WARN_UNGUARDED_AVAILABILITY = YES_AGGRESSIVE;
				CLANG_WARN_UNREACHABLE_CODE = YES;
				CLANG_WARN__DUPLICATE_METHOD_MATCH = YES;
				COPY_PHASE_STRIP = NO;
				DEBUG_INFORMATION_FORMAT = dwarf;
				ENABLE_STRICT_OBJC_MSGSEND = YES;
				ENABLE_TESTABILITY = YES;
				ENABLE_USER_SCRIPT_SANDBOXING = YES;
				GCC_C_LANGUAGE_STANDARD = gnu17;
				GCC_DYNAMIC_NO_PIC = NO;
				GCC_NO_COMMON_BLOCKS = YES;
				GCC_OPTIMIZATION_LEVEL = 0;
				GCC_PREPROCESSOR_DEFINITIONS = (
					"DEBUG=1",
					"$(inherited)",
				);
				GCC_WARN_64_TO_32_BIT_CONVERSION = YES;
				GCC_WARN_ABOUT_RETURN_TYPE = YES_ERROR;
				GCC_WARN_UNDECLARED_SELECTOR = YES;
				GCC_WARN_UNINITIALIZED_AUTOS = YES_AGGRESSIVE;
				GCC_WARN_UNUSED_FUNCTION = YES;
				GCC_WARN_UNUSED_VARIABLE = YES;
				IPHONEOS_DEPLOYMENT_TARGET = 17.4;
				LOCALIZATION_PREFERS_STRING_CATALOGS = YES;
				MTL_ENABLE_DEBUG_INFO = INCLUDE_SOURCE;
				MTL_FAST_MATH = YES;
				ONLY_ACTIVE_ARCH = YES;
				SDKROOT = iphoneos;
				SWIFT_ACTIVE_COMPILATION_CONDITIONS = "DEBUG $(inherited)";
				SWIFT_OPTIMIZATION_LEVEL = "-Onone";
			};
			name = Debug;
		};
		A752C5492BD8B05A00609560 /* Release */ = {
			isa = XCBuildConfiguration;
			buildSettings = {
				ALWAYS_SEARCH_USER_PATHS = NO;
				ASSETCATALOG_COMPILER_GENERATE_SWIFT_ASSET_SYMBOL_EXTENSIONS = YES;
				CLANG_ANALYZER_NONNULL = YES;
				CLANG_ANALYZER_NUMBER_OBJECT_CONVERSION = YES_AGGRESSIVE;
				CLANG_CXX_LANGUAGE_STANDARD = "gnu++20";
				CLANG_ENABLE_MODULES = YES;
				CLANG_ENABLE_OBJC_ARC = YES;
				CLANG_ENABLE_OBJC_WEAK = YES;
				CLANG_WARN_BLOCK_CAPTURE_AUTORELEASING = YES;
				CLANG_WARN_BOOL_CONVERSION = YES;
				CLANG_WARN_COMMA = YES;
				CLANG_WARN_CONSTANT_CONVERSION = YES;
				CLANG_WARN_DEPRECATED_OBJC_IMPLEMENTATIONS = YES;
				CLANG_WARN_DIRECT_OBJC_ISA_USAGE = YES_ERROR;
				CLANG_WARN_DOCUMENTATION_COMMENTS = YES;
				CLANG_WARN_EMPTY_BODY = YES;
				CLANG_WARN_ENUM_CONVERSION = YES;
				CLANG_WARN_INFINITE_RECURSION = YES;
				CLANG_WARN_INT_CONVERSION = YES;
				CLANG_WARN_NON_LITERAL_NULL_CONVERSION = YES;
				CLANG_WARN_OBJC_IMPLICIT_RETAIN_SELF = YES;
				CLANG_WARN_OBJC_LITERAL_CONVERSION = YES;
				CLANG_WARN_OBJC_ROOT_CLASS = YES_ERROR;
				CLANG_WARN_QUOTED_INCLUDE_IN_FRAMEWORK_HEADER = YES;
				CLANG_WARN_RANGE_LOOP_ANALYSIS = YES;
				CLANG_WARN_STRICT_PROTOTYPES = YES;
				CLANG_WARN_SUSPICIOUS_MOVE = YES;
				CLANG_WARN_UNGUARDED_AVAILABILITY = YES_AGGRESSIVE;
				CLANG_WARN_UNREACHABLE_CODE = YES;
				CLANG_WARN__DUPLICATE_METHOD_MATCH = YES;
				COPY_PHASE_STRIP = NO;
				DEBUG_INFORMATION_FORMAT = "dwarf-with-dsym";
				ENABLE_NS_ASSERTIONS = NO;
				ENABLE_STRICT_OBJC_MSGSEND = YES;
				ENABLE_USER_SCRIPT_SANDBOXING = YES;
				GCC_C_LANGUAGE_STANDARD = gnu17;
				GCC_NO_COMMON_BLOCKS = YES;
				GCC_WARN_64_TO_32_BIT_CONVERSION = YES;
				GCC_WARN_ABOUT_RETURN_TYPE = YES_ERROR;
				GCC_WARN_UNDECLARED_SELECTOR = YES;
				GCC_WARN_UNINITIALIZED_AUTOS = YES_AGGRESSIVE;
				GCC_WARN_UNUSED_FUNCTION = YES;
				GCC_WARN_UNUSED_VARIABLE = YES;
				IPHONEOS_DEPLOYMENT_TARGET = 17.4;
				LOCALIZATION_PREFERS_STRING_CATALOGS = YES;
				MTL_ENABLE_DEBUG_INFO = NO;
				MTL_FAST_MATH = YES;
				SDKROOT = iphoneos;
				SWIFT_COMPILATION_MODE = wholemodule;
				VALIDATE_PRODUCT = YES;
			};
			name = Release;
		};
		A752C54B2BD8B05A00609560 /* Debug */ = {
			isa = XCBuildConfiguration;
			buildSettings = {
				ASSETCATALOG_COMPILER_APPICON_NAME = AppIcon;
				ASSETCATALOG_COMPILER_GLOBAL_ACCENT_COLOR_NAME = AccentColor;
				CODE_SIGN_STYLE = Automatic;
				CURRENT_PROJECT_VERSION = 1;
				DEVELOPMENT_ASSET_PATHS = "\"LocalDevices/Preview Content\"";
				DEVELOPMENT_TEAM = RYK6GDE7V9;
				ENABLE_PREVIEWS = YES;
				GENERATE_INFOPLIST_FILE = YES;
				INFOPLIST_KEY_UIApplicationSceneManifest_Generation = YES;
				INFOPLIST_KEY_UIApplicationSupportsIndirectInputEvents = YES;
				INFOPLIST_KEY_UILaunchScreen_Generation = YES;
				INFOPLIST_KEY_UISupportedInterfaceOrientations_iPad = "UIInterfaceOrientationPortrait UIInterfaceOrientationPortraitUpsideDown UIInterfaceOrientationLandscapeLeft UIInterfaceOrientationLandscapeRight";
				INFOPLIST_KEY_UISupportedInterfaceOrientations_iPhone = "UIInterfaceOrientationPortrait UIInterfaceOrientationLandscapeLeft UIInterfaceOrientationLandscapeRight";
				LD_RUNPATH_SEARCH_PATHS = (
					"$(inherited)",
					"@executable_path/Frameworks",
				);
				MARKETING_VERSION = 1.0;
				PRODUCT_BUNDLE_IDENTIFIER = com.notenoughscience.LocalDevices;
				PRODUCT_NAME = "$(TARGET_NAME)";
				SWIFT_EMIT_LOC_STRINGS = YES;
				SWIFT_VERSION = 5.0;
				TARGETED_DEVICE_FAMILY = "1,2";
			};
			name = Debug;
		};
		A752C54C2BD8B05A00609560 /* Release */ = {
			isa = XCBuildConfiguration;
			buildSettings = {
				ASSETCATALOG_COMPILER_APPICON_NAME = AppIcon;
				ASSETCATALOG_COMPILER_GLOBAL_ACCENT_COLOR_NAME = AccentColor;
				CODE_SIGN_STYLE = Automatic;
				CURRENT_PROJECT_VERSION = 1;
				DEVELOPMENT_ASSET_PATHS = "\"LocalDevices/Preview Content\"";
				DEVELOPMENT_TEAM = RYK6GDE7V9;
				ENABLE_PREVIEWS = YES;
				GENERATE_INFOPLIST_FILE = YES;
				INFOPLIST_KEY_UIApplicationSceneManifest_Generation = YES;
				INFOPLIST_KEY_UIApplicationSupportsIndirectInputEvents = YES;
				INFOPLIST_KEY_UILaunchScreen_Generation = YES;
				INFOPLIST_KEY_UISupportedInterfaceOrientations_iPad = "UIInterfaceOrientationPortrait UIInterfaceOrientationPortraitUpsideDown UIInterfaceOrientationLandscapeLeft UIInterfaceOrientationLandscapeRight";
				INFOPLIST_KEY_UISupportedInterfaceOrientations_iPhone = "UIInterfaceOrientationPortrait UIInterfaceOrientationLandscapeLeft UIInterfaceOrientationLandscapeRight";
				LD_RUNPATH_SEARCH_PATHS = (
					"$(inherited)",
					"@executable_path/Frameworks",
				);
				MARKETING_VERSION = 1.0;
				PRODUCT_BUNDLE_IDENTIFIER = com.notenoughscience.LocalDevices;
				PRODUCT_NAME = "$(TARGET_NAME)";
				SWIFT_EMIT_LOC_STRINGS = YES;
				SWIFT_VERSION = 5.0;
				TARGETED_DEVICE_FAMILY = "1,2";
			};
			name = Release;
		};
		A752C54E2BD8B05A00609560 /* Debug */ = {
			isa = XCBuildConfiguration;
			buildSettings = {
				ALWAYS_EMBED_SWIFT_STANDARD_LIBRARIES = YES;
				BUNDLE_LOADER = "$(TEST_HOST)";
				CODE_SIGN_STYLE = Automatic;
				CURRENT_PROJECT_VERSION = 1;
				DEVELOPMENT_TEAM = RYK6GDE7V9;
				GENERATE_INFOPLIST_FILE = YES;
				IPHONEOS_DEPLOYMENT_TARGET = 17.4;
				MARKETING_VERSION = 1.0;
				PRODUCT_BUNDLE_IDENTIFIER = com.notenoughscience.LocalDevicesTests;
				PRODUCT_NAME = "$(TARGET_NAME)";
				SWIFT_EMIT_LOC_STRINGS = NO;
				SWIFT_VERSION = 5.0;
				TARGETED_DEVICE_FAMILY = "1,2";
				TEST_HOST = "$(BUILT_PRODUCTS_DIR)/LocalDevices.app/$(BUNDLE_EXECUTABLE_FOLDER_PATH)/LocalDevices";
			};
			name = Debug;
		};
		A752C54F2BD8B05A00609560 /* Release */ = {
			isa = XCBuildConfiguration;
			buildSettings = {
				ALWAYS_EMBED_SWIFT_STANDARD_LIBRARIES = YES;
				BUNDLE_LOADER = "$(TEST_HOST)";
				CODE_SIGN_STYLE = Automatic;
				CURRENT_PROJECT_VERSION = 1;
				DEVELOPMENT_TEAM = RYK6GDE7V9;
				GENERATE_INFOPLIST_FILE = YES;
				IPHONEOS_DEPLOYMENT_TARGET = 17.4;
				MARKETING_VERSION = 1.0;
				PRODUCT_BUNDLE_IDENTIFIER = com.notenoughscience.LocalDevicesTests;
				PRODUCT_NAME = "$(TARGET_NAME)";
				SWIFT_EMIT_LOC_STRINGS = NO;
				SWIFT_VERSION = 5.0;
				TARGETED_DEVICE_FAMILY = "1,2";
				TEST_HOST = "$(BUILT_PRODUCTS_DIR)/LocalDevices.app/$(BUNDLE_EXECUTABLE_FOLDER_PATH)/LocalDevices";
			};
			name = Release;
		};
		A752C5512BD8B05A00609560 /* Debug */ = {
			isa = XCBuildConfiguration;
			buildSettings = {
				ALWAYS_EMBED_SWIFT_STANDARD_LIBRARIES = YES;
				CODE_SIGN_STYLE = Automatic;
				CURRENT_PROJECT_VERSION = 1;
				DEVELOPMENT_TEAM = RYK6GDE7V9;
				GENERATE_INFOPLIST_FILE = YES;
				MARKETING_VERSION = 1.0;
				PRODUCT_BUNDLE_IDENTIFIER = com.notenoughscience.LocalDevicesUITests;
				PRODUCT_NAME = "$(TARGET_NAME)";
				SWIFT_EMIT_LOC_STRINGS = NO;
				SWIFT_VERSION = 5.0;
				TARGETED_DEVICE_FAMILY = "1,2";
				TEST_TARGET_NAME = LocalDevices;
			};
			name = Debug;
		};
		A752C5522BD8B05A00609560 /* Release */ = {
			isa = XCBuildConfiguration;
			buildSettings = {
				ALWAYS_EMBED_SWIFT_STANDARD_LIBRARIES = YES;
				CODE_SIGN_STYLE = Automatic;
				CURRENT_PROJECT_VERSION = 1;
				DEVELOPMENT_TEAM = RYK6GDE7V9;
				GENERATE_INFOPLIST_FILE = YES;
				MARKETING_VERSION = 1.0;
				PRODUCT_BUNDLE_IDENTIFIER = com.notenoughscience.LocalDevicesUITests;
				PRODUCT_NAME = "$(TARGET_NAME)";
				SWIFT_EMIT_LOC_STRINGS = NO;
				SWIFT_VERSION = 5.0;
				TARGETED_DEVICE_FAMILY = "1,2";
				TEST_TARGET_NAME = LocalDevices;
			};
			name = Release;
		};
/* End XCBuildConfiguration section */

/* Begin XCConfigurationList section */
		A752C5212BD8B04E00609560 /* Build configuration list for PBXProject "LocalDevices" */ = {
			isa = XCConfigurationList;
			buildConfigurations = (
				A752C5482BD8B05A00609560 /* Debug */,
				A752C5492BD8B05A00609560 /* Release */,
			);
			defaultConfigurationIsVisible = 0;
			defaultConfigurationName = Release;
		};
		A752C54A2BD8B05A00609560 /* Build configuration list for PBXNativeTarget "LocalDevices" */ = {
			isa = XCConfigurationList;
			buildConfigurations = (
				A752C54B2BD8B05A00609560 /* Debug */,
				A752C54C2BD8B05A00609560 /* Release */,
			);
			defaultConfigurationIsVisible = 0;
			defaultConfigurationName = Release;
		};
		A752C54D2BD8B05A00609560 /* Build configuration list for PBXNativeTarget "LocalDevicesTests" */ = {
			isa = XCConfigurationList;
			buildConfigurations = (
				A752C54E2BD8B05A00609560 /* Debug */,
				A752C54F2BD8B05A00609560 /* Release */,
			);
			defaultConfigurationIsVisible = 0;
			defaultConfigurationName = Release;
		};
		A752C5502BD8B05A00609560 /* Build configuration list for PBXNativeTarget "LocalDevicesUITests" */ = {
			isa = XCConfigurationList;
			buildConfigurations = (
				A752C5512BD8B05A00609560 /* Debug */,
				A752C5522BD8B05A00609560 /* Release */,
			);
			defaultConfigurationIsVisible = 0;
			defaultConfigurationName = Release;
		};
/* End XCConfigurationList section */

/* Begin XCRemoteSwiftPackageReference section */
		A752C5712BD9B86400609560 /* XCRemoteSwiftPackageReference "XMLCoder" */ = {
			isa = XCRemoteSwiftPackageReference;
			repositoryURL = "https://github.com/CoreOffice/XMLCoder.git";
			requirement = {
				kind = upToNextMajorVersion;
				minimumVersion = 0.17.1;
			};
		};
		A752C57B2BD9F3C300609560 /* XCRemoteSwiftPackageReference "CryptoSwift" */ = {
			isa = XCRemoteSwiftPackageReference;
			repositoryURL = "https://github.com/krzyzanowskim/CryptoSwift.git";
			requirement = {
				kind = upToNextMajorVersion;
				minimumVersion = 1.8.2;
			};
		};
/* End XCRemoteSwiftPackageReference section */

/* Begin XCSwiftPackageProductDependency section */
		A752C5722BD9B86400609560 /* XMLCoder */ = {
			isa = XCSwiftPackageProductDependency;
			package = A752C5712BD9B86400609560 /* XCRemoteSwiftPackageReference "XMLCoder" */;
			productName = XMLCoder;
		};
		A752C57C2BD9F3C300609560 /* CryptoSwift */ = {
			isa = XCSwiftPackageProductDependency;
			package = A752C57B2BD9F3C300609560 /* XCRemoteSwiftPackageReference "CryptoSwift" */;
			productName = CryptoSwift;
		};
/* End XCSwiftPackageProductDependency section */
	};
	rootObject = A752C51E2BD8B04E00609560 /* Project object */;
}
